
Microsoft Visual Studio Solution File, Format Version 12.00
# Visual Studio 14
VisualStudioVersion = 14.0.24720.0
MinimumVisualStudioVersion = 10.0.40219.1
Project("{8BC9CEB8-8B4A-11D0-8D11-00A0C91BC942}") = "Cpp06-1", "Cpp06-1\Cpp06-1.vcxproj", "{FD46C76B-C5C9-4DA7-953D-72B4FE6DEB3A}"
EndProject
Project("{8BC9CEB8-8B4A-11D0-8D11-00A0C91BC942}") = "Cpp05-3", "Cpp05\Cpp05-3\Cpp05-3.vcxproj", "{6B135A77-BD4E-4CB7-B2B7-EBAD9680D0C0}"
EndProject
Project("{8BC9CEB8-8B4A-11D0-8D11-00A0C91BC942}") = "Cpp05-4", "Cpp05\Cpp05-4\Cpp05-4.vcxproj", "{476AB02D-7416-435D-8F79-C70016502870}"
EndProject
Project("{8BC9CEB8-8B4A-11D0-8D11-00A0C91BC942}") = "Cpp05-2", "Cpp05\Cpp05-2\Cpp05-2.vcxproj", "{7D95B244-5999-489C-8225-BBCC87904735}"
EndProject
Project("{8BC9CEB8-8B4A-11D0-8D11-00A0C91BC942}") = "Cpp05-1", "Cpp05\Cpp05\Cpp05.vcxproj", "{AEE0F72C-1894-4264-9F2B-FA74140BE4FD}"
EndProject
Project("{8BC9CEB8-8B4A-11D0-8D11-00A0C91BC942}") = "Cpp06-2", "Cpp06-2\Cpp06-2.vcxproj", "{6E229883-BFA1-4620-8F9B-B013C96C8291}"
EndProject
Project("{8BC9CEB8-8B4A-11D0-8D11-00A0C91BC942}") = "Cpp06-3", "Cpp06-3\Cpp06-3.vcxproj", "{AF2F4DE2-5E0C-4FB8-986A-1D55EB6E0334}"
EndProject
Project("{8BC9CEB8-8B4A-11D0-8D11-00A0C91BC942}") = "Cpp06-4", "Cpp06-4\Cpp06-4.vcxproj", "{F2DBD147-040E-47B3-BB97-47478F308A2C}"
EndProject
Project("{8BC9CEB8-8B4A-11D0-8D11-00A0C91BC942}") = "Cpp07-1", "Cpp07-1\Cpp07-1.vcxproj", "{9DEE1ACA-BAEE-4F44-822F-6C574B4E5AD9}"
EndProject
Project("{8BC9CEB8-8B4A-11D0-8D11-00A0C91BC942}") = "Cpp07-2", "Cpp07-2\Cpp07-2.vcxproj", "{32826579-1799-4BAF-81A4-60103A8D46EF}"
EndProject
Project("{8BC9CEB8-8B4A-11D0-8D11-00A0C91BC942}") = "Cpp07-3", "Cpp07-3\Cpp07-3.vcxproj", "{07B57053-652B-4C20-B18A-330B652E25DA}"
EndProject
Project("{8BC9CEB8-8B4A-11D0-8D11-00A0C91BC942}") = "Cpp07-4", "Cpp7-4\Cpp7-4.vcxproj", "{5E573948-EDF6-4134-8D29-95F69B52493F}"
EndProject
Global
	GlobalSection(SolutionConfigurationPlatforms) = preSolution
		Debug|Any CPU = Debug|Any CPU
		Debug|x64 = Debug|x64
		Debug|x86 = Debug|x86
		Release|Any CPU = Release|Any CPU
		Release|x64 = Release|x64
		Release|x86 = Release|x86
	EndGlobalSection
	GlobalSection(ProjectConfigurationPlatforms) = postSolution
		{FD46C76B-C5C9-4DA7-953D-72B4FE6DEB3A}.Debug|Any CPU.ActiveCfg = Debug|Win32
		{FD46C76B-C5C9-4DA7-953D-72B4FE6DEB3A}.Debug|x64.ActiveCfg = Debug|x64
		{FD46C76B-C5C9-4DA7-953D-72B4FE6DEB3A}.Debug|x64.Build.0 = Debug|x64
		{FD46C76B-C5C9-4DA7-953D-72B4FE6DEB3A}.Debug|x86.ActiveCfg = Debug|Win32
		{FD46C76B-C5C9-4DA7-953D-72B4FE6DEB3A}.Debug|x86.Build.0 = Debug|Win32
		{FD46C76B-C5C9-4DA7-953D-72B4FE6DEB3A}.Release|Any CPU.ActiveCfg = Release|Win32
		{FD46C76B-C5C9-4DA7-953D-72B4FE6DEB3A}.Release|x64.ActiveCfg = Release|x64
		{FD46C76B-C5C9-4DA7-953D-72B4FE6DEB3A}.Release|x64.Build.0 = Release|x64
		{FD46C76B-C5C9-4DA7-953D-72B4FE6DEB3A}.Release|x86.ActiveCfg = Release|Win32
		{FD46C76B-C5C9-4DA7-953D-72B4FE6DEB3A}.Release|x86.Build.0 = Release|Win32
		{6B135A77-BD4E-4CB7-B2B7-EBAD9680D0C0}.Debug|Any CPU.ActiveCfg = Debug|Win32
		{6B135A77-BD4E-4CB7-B2B7-EBAD9680D0C0}.Debug|x64.ActiveCfg = Debug|x64
		{6B135A77-BD4E-4CB7-B2B7-EBAD9680D0C0}.Debug|x64.Build.0 = Debug|x64
		{6B135A77-BD4E-4CB7-B2B7-EBAD9680D0C0}.Debug|x86.ActiveCfg = Debug|Win32
		{6B135A77-BD4E-4CB7-B2B7-EBAD9680D0C0}.Debug|x86.Build.0 = Debug|Win32
		{6B135A77-BD4E-4CB7-B2B7-EBAD9680D0C0}.Release|Any CPU.ActiveCfg = Release|Win32
		{6B135A77-BD4E-4CB7-B2B7-EBAD9680D0C0}.Release|x64.ActiveCfg = Release|x64
		{6B135A77-BD4E-4CB7-B2B7-EBAD9680D0C0}.Release|x64.Build.0 = Release|x64
		{6B135A77-BD4E-4CB7-B2B7-EBAD9680D0C0}.Release|x86.ActiveCfg = Release|Win32
		{6B135A77-BD4E-4CB7-B2B7-EBAD9680D0C0}.Release|x86.Build.0 = Release|Win32
		{476AB02D-7416-435D-8F79-C70016502870}.Debug|Any CPU.ActiveCfg = Debug|Win32
		{476AB02D-7416-435D-8F79-C70016502870}.Debug|x64.ActiveCfg = Debug|x64
		{476AB02D-7416-435D-8F79-C70016502870}.Debug|x64.Build.0 = Debug|x64
		{476AB02D-7416-435D-8F79-C70016502870}.Debug|x86.ActiveCfg = Debug|Win32
		{476AB02D-7416-435D-8F79-C70016502870}.Debug|x86.Build.0 = Debug|Win32
		{476AB02D-7416-435D-8F79-C70016502870}.Release|Any CPU.ActiveCfg = Release|Win32
		{476AB02D-7416-435D-8F79-C70016502870}.Release|x64.ActiveCfg = Release|x64
		{476AB02D-7416-435D-8F79-C70016502870}.Release|x64.Build.0 = Release|x64
		{476AB02D-7416-435D-8F79-C70016502870}.Release|x86.ActiveCfg = Release|Win32
		{476AB02D-7416-435D-8F79-C70016502870}.Release|x86.Build.0 = Release|Win32
		{7D95B244-5999-489C-8225-BBCC87904735}.Debug|Any CPU.ActiveCfg = Debug|Win32
		{7D95B244-5999-489C-8225-BBCC87904735}.Debug|x64.ActiveCfg = Debug|x64
		{7D95B244-5999-489C-8225-BBCC87904735}.Debug|x64.Build.0 = Debug|x64
		{7D95B244-5999-489C-8225-BBCC87904735}.Debug|x86.ActiveCfg = Debug|Win32
		{7D95B244-5999-489C-8225-BBCC87904735}.Debug|x86.Build.0 = Debug|Win32
		{7D95B244-5999-489C-8225-BBCC87904735}.Release|Any CPU.ActiveCfg = Release|Win32
		{7D95B244-5999-489C-8225-BBCC87904735}.Release|x64.ActiveCfg = Release|x64
		{7D95B244-5999-489C-8225-BBCC87904735}.Release|x64.Build.0 = Release|x64
		{7D95B244-5999-489C-8225-BBCC87904735}.Release|x86.ActiveCfg = Release|Win32
		{7D95B244-5999-489C-8225-BBCC87904735}.Release|x86.Build.0 = Release|Win32
		{AEE0F72C-1894-4264-9F2B-FA74140BE4FD}.Debug|Any CPU.ActiveCfg = Debug|Win32
		{AEE0F72C-1894-4264-9F2B-FA74140BE4FD}.Debug|x64.ActiveCfg = Debug|x64
		{AEE0F72C-1894-4264-9F2B-FA74140BE4FD}.Debug|x64.Build.0 = Debug|x64
		{AEE0F72C-1894-4264-9F2B-FA74140BE4FD}.Debug|x86.ActiveCfg = Debug|Win32
		{AEE0F72C-1894-4264-9F2B-FA74140BE4FD}.Debug|x86.Build.0 = Debug|Win32
		{AEE0F72C-1894-4264-9F2B-FA74140BE4FD}.Release|Any CPU.ActiveCfg = Release|Win32
		{AEE0F72C-1894-4264-9F2B-FA74140BE4FD}.Release|x64.ActiveCfg = Release|x64
		{AEE0F72C-1894-4264-9F2B-FA74140BE4FD}.Release|x64.Build.0 = Release|x64
		{AEE0F72C-1894-4264-9F2B-FA74140BE4FD}.Release|x86.ActiveCfg = Release|Win32
		{AEE0F72C-1894-4264-9F2B-FA74140BE4FD}.Release|x86.Build.0 = Release|Win32
		{6E229883-BFA1-4620-8F9B-B013C96C8291}.Debug|Any CPU.ActiveCfg = Debug|Win32
		{6E229883-BFA1-4620-8F9B-B013C96C8291}.Debug|x64.ActiveCfg = Debug|x64
		{6E229883-BFA1-4620-8F9B-B013C96C8291}.Debug|x64.Build.0 = Debug|x64
		{6E229883-BFA1-4620-8F9B-B013C96C8291}.Debug|x86.ActiveCfg = Debug|Win32
		{6E229883-BFA1-4620-8F9B-B013C96C8291}.Debug|x86.Build.0 = Debug|Win32
		{6E229883-BFA1-4620-8F9B-B013C96C8291}.Release|Any CPU.ActiveCfg = Release|Win32
		{6E229883-BFA1-4620-8F9B-B013C96C8291}.Release|x64.ActiveCfg = Release|x64
		{6E229883-BFA1-4620-8F9B-B013C96C8291}.Release|x64.Build.0 = Release|x64
		{6E229883-BFA1-4620-8F9B-B013C96C8291}.Release|x86.ActiveCfg = Release|Win32
		{6E229883-BFA1-4620-8F9B-B013C96C8291}.Release|x86.Build.0 = Release|Win32
		{AF2F4DE2-5E0C-4FB8-986A-1D55EB6E0334}.Debug|Any CPU.ActiveCfg = Debug|Win32
		{AF2F4DE2-5E0C-4FB8-986A-1D55EB6E0334}.Debug|x64.ActiveCfg = Debug|x64
		{AF2F4DE2-5E0C-4FB8-986A-1D55EB6E0334}.Debug|x64.Build.0 = Debug|x64
		{AF2F4DE2-5E0C-4FB8-986A-1D55EB6E0334}.Debug|x86.ActiveCfg = Debug|Win32
		{AF2F4DE2-5E0C-4FB8-986A-1D55EB6E0334}.Debug|x86.Build.0 = Debug|Win32
		{AF2F4DE2-5E0C-4FB8-986A-1D55EB6E0334}.Release|Any CPU.ActiveCfg = Release|Win32
		{AF2F4DE2-5E0C-4FB8-986A-1D55EB6E0334}.Release|x64.ActiveCfg = Release|x64
		{AF2F4DE2-5E0C-4FB8-986A-1D55EB6E0334}.Release|x64.Build.0 = Release|x64
		{AF2F4DE2-5E0C-4FB8-986A-1D55EB6E0334}.Release|x86.ActiveCfg = Release|Win32
		{AF2F4DE2-5E0C-4FB8-986A-1D55EB6E0334}.Release|x86.Build.0 = Release|Win32
		{F2DBD147-040E-47B3-BB97-47478F308A2C}.Debug|Any CPU.ActiveCfg = Debug|Win32
		{F2DBD147-040E-47B3-BB97-47478F308A2C}.Debug|x64.ActiveCfg = Debug|x64
		{F2DBD147-040E-47B3-BB97-47478F308A2C}.Debug|x64.Build.0 = Debug|x64
		{F2DBD147-040E-47B3-BB97-47478F308A2C}.Debug|x86.ActiveCfg = Debug|Win32
		{F2DBD147-040E-47B3-BB97-47478F308A2C}.Debug|x86.Build.0 = Debug|Win32
		{F2DBD147-040E-47B3-BB97-47478F308A2C}.Release|Any CPU.ActiveCfg = Release|Win32
		{F2DBD147-040E-47B3-BB97-47478F308A2C}.Release|x64.ActiveCfg = Release|x64
		{F2DBD147-040E-47B3-BB97-47478F308A2C}.Release|x64.Build.0 = Release|x64
		{F2DBD147-040E-47B3-BB97-47478F308A2C}.Release|x86.ActiveCfg = Release|Win32
		{F2DBD147-040E-47B3-BB97-47478F308A2C}.Release|x86.Build.0 = Release|Win32
		{9DEE1ACA-BAEE-4F44-822F-6C574B4E5AD9}.Debug|Any CPU.ActiveCfg = Debug|Win32
		{9DEE1ACA-BAEE-4F44-822F-6C574B4E5AD9}.Debug|x64.ActiveCfg = Debug|x64
		{9DEE1ACA-BAEE-4F44-822F-6C574B4E5AD9}.Debug|x64.Build.0 = Debug|x64
		{9DEE1ACA-BAEE-4F44-822F-6C574B4E5AD9}.Debug|x86.ActiveCfg = Debug|Win32
		{9DEE1ACA-BAEE-4F44-822F-6C574B4E5AD9}.Debug|x86.Build.0 = Debug|Win32
		{9DEE1ACA-BAEE-4F44-822F-6C574B4E5AD9}.Release|Any CPU.ActiveCfg = Release|Win32
		{9DEE1ACA-BAEE-4F44-822F-6C574B4E5AD9}.Release|x64.ActiveCfg = Release|x64
		{9DEE1ACA-BAEE-4F44-822F-6C574B4E5AD9}.Release|x64.Build.0 = Release|x64
		{9DEE1ACA-BAEE-4F44-822F-6C574B4E5AD9}.Release|x86.ActiveCfg = Release|Win32
		{9DEE1ACA-BAEE-4F44-822F-6C574B4E5AD9}.Release|x86.Build.0 = Release|Win32
		{32826579-1799-4BAF-81A4-60103A8D46EF}.Debug|Any CPU.ActiveCfg = Debug|Win32
		{32826579-1799-4BAF-81A4-60103A8D46EF}.Debug|x64.ActiveCfg = Debug|x64
		{32826579-1799-4BAF-81A4-60103A8D46EF}.Debug|x64.Build.0 = Debug|x64
		{32826579-1799-4BAF-81A4-60103A8D46EF}.Debug|x86.ActiveCfg = Debug|Win32
		{32826579-1799-4BAF-81A4-60103A8D46EF}.Debug|x86.Build.0 = Debug|Win32
		{32826579-1799-4BAF-81A4-60103A8D46EF}.Release|Any CPU.ActiveCfg = Release|Win32
		{32826579-1799-4BAF-81A4-60103A8D46EF}.Release|x64.ActiveCfg = Release|x64
		{32826579-1799-4BAF-81A4-60103A8D46EF}.Release|x64.Build.0 = Release|x64
		{32826579-1799-4BAF-81A4-60103A8D46EF}.Release|x86.ActiveCfg = Release|Win32
		{32826579-1799-4BAF-81A4-60103A8D46EF}.Release|x86.Build.0 = Release|Win32
		{07B57053-652B-4C20-B18A-330B652E25DA}.Debug|Any CPU.ActiveCfg = Debug|Win32
		{07B57053-652B-4C20-B18A-330B652E25DA}.Debug|x64.ActiveCfg = Debug|x64
		{07B57053-652B-4C20-B18A-330B652E25DA}.Debug|x64.Build.0 = Debug|x64
		{07B57053-652B-4C20-B18A-330B652E25DA}.Debug|x86.ActiveCfg = Debug|Win32
		{07B57053-652B-4C20-B18A-330B652E25DA}.Debug|x86.Build.0 = Debug|Win32
		{07B57053-652B-4C20-B18A-330B652E25DA}.Release|Any CPU.ActiveCfg = Release|Win32
		{07B57053-652B-4C20-B18A-330B652E25DA}.Release|x64.ActiveCfg = Release|x64
		{07B57053-652B-4C20-B18A-330B652E25DA}.Release|x64.Build.0 = Release|x64
		{07B57053-652B-4C20-B18A-330B652E25DA}.Release|x86.ActiveCfg = Release|Win32
		{07B57053-652B-4C20-B18A-330B652E25DA}.Release|x86.Build.0 = Release|Win32
		{5E573948-EDF6-4134-8D29-95F69B52493F}.Debug|Any CPU.ActiveCfg = Debug|Win32
		{5E573948-EDF6-4134-8D29-95F69B52493F}.Debug|x64.ActiveCfg = Debug|x64
		{5E573948-EDF6-4134-8D29-95F69B52493F}.Debug|x64.Build.0 = Debug|x64
		{5E573948-EDF6-4134-8D29-95F69B52493F}.Debug|x86.ActiveCfg = Debug|Win32
		{5E573948-EDF6-4134-8D29-95F69B52493F}.Debug|x86.Build.0 = Debug|Win32
		{5E573948-EDF6-4134-8D29-95F69B52493F}.Release|Any CPU.ActiveCfg = Release|Win32
		{5E573948-EDF6-4134-8D29-95F69B52493F}.Release|x64.ActiveCfg = Release|x64
		{5E573948-EDF6-4134-8D29-95F69B52493F}.Release|x64.Build.0 = Release|x64
		{5E573948-EDF6-4134-8D29-95F69B52493F}.Release|x86.ActiveCfg = Release|Win32
		{5E573948-EDF6-4134-8D29-95F69B52493F}.Release|x86.Build.0 = Release|Win32
	EndGlobalSection
	GlobalSection(SolutionProperties) = preSolution
		HideSolutionNode = FALSE
	EndGlobalSection
EndGlobal
