
Microsoft Visual Studio Solution File, Format Version 12.00
# Visual Studio 14
VisualStudioVersion = 14.0.24720.0
MinimumVisualStudioVersion = 10.0.40219.1
Project("{8BC9CEB8-8B4A-11D0-8D11-00A0C91BC942}") = "Cpp05-1", "Cpp05\Cpp05.vcxproj", "{AEE0F72C-1894-4264-9F2B-FA74140BE4FD}"
EndProject
Project("{8BC9CEB8-8B4A-11D0-8D11-00A0C91BC942}") = "Cpp05-2", "Cpp05-2\Cpp05-2.vcxproj", "{7D95B244-5999-489C-8225-BBCC87904735}"
EndProject
Project("{8BC9CEB8-8B4A-11D0-8D11-00A0C91BC942}") = "Cpp05-3", "Cpp05-3\Cpp05-3.vcxproj", "{6B135A77-BD4E-4CB7-B2B7-EBAD9680D0C0}"
EndProject
Project("{8BC9CEB8-8B4A-11D0-8D11-00A0C91BC942}") = "Cpp05-4", "Cpp05-4\Cpp05-4.vcxproj", "{476AB02D-7416-435D-8F79-C70016502870}"
EndProject
Global
	GlobalSection(SolutionConfigurationPlatforms) = preSolution
		Debug|x64 = Debug|x64
		Debug|x86 = Debug|x86
		Release|x64 = Release|x64
		Release|x86 = Release|x86
	EndGlobalSection
	GlobalSection(ProjectConfigurationPlatforms) = postSolution
		{AEE0F72C-1894-4264-9F2B-FA74140BE4FD}.Debug|x64.ActiveCfg = Debug|x64
		{AEE0F72C-1894-4264-9F2B-FA74140BE4FD}.Debug|x64.Build.0 = Debug|x64
		{AEE0F72C-1894-4264-9F2B-FA74140BE4FD}.Debug|x86.ActiveCfg = Debug|Win32
		{AEE0F72C-1894-4264-9F2B-FA74140BE4FD}.Debug|x86.Build.0 = Debug|Win32
		{AEE0F72C-1894-4264-9F2B-FA74140BE4FD}.Release|x64.ActiveCfg = Release|x64
		{AEE0F72C-1894-4264-9F2B-FA74140BE4FD}.Release|x64.Build.0 = Release|x64
		{AEE0F72C-1894-4264-9F2B-FA74140BE4FD}.Release|x86.ActiveCfg = Release|Win32
		{AEE0F72C-1894-4264-9F2B-FA74140BE4FD}.Release|x86.Build.0 = Release|Win32
		{7D95B244-5999-489C-8225-BBCC87904735}.Debug|x64.ActiveCfg = Debug|x64
		{7D95B244-5999-489C-8225-BBCC87904735}.Debug|x64.Build.0 = Debug|x64
		{7D95B244-5999-489C-8225-BBCC87904735}.Debug|x86.ActiveCfg = Debug|Win32
		{7D95B244-5999-489C-8225-BBCC87904735}.Debug|x86.Build.0 = Debug|Win32
		{7D95B244-5999-489C-8225-BBCC87904735}.Release|x64.ActiveCfg = Release|x64
		{7D95B244-5999-489C-8225-BBCC87904735}.Release|x64.Build.0 = Release|x64
		{7D95B244-5999-489C-8225-BBCC87904735}.Release|x86.ActiveCfg = Release|Win32
		{7D95B244-5999-489C-8225-BBCC87904735}.Release|x86.Build.0 = Release|Win32
		{6B135A77-BD4E-4CB7-B2B7-EBAD9680D0C0}.Debug|x64.ActiveCfg = Debug|x64
		{6B135A77-BD4E-4CB7-B2B7-EBAD9680D0C0}.Debug|x64.Build.0 = Debug|x64
		{6B135A77-BD4E-4CB7-B2B7-EBAD9680D0C0}.Debug|x86.ActiveCfg = Debug|Win32
		{6B135A77-BD4E-4CB7-B2B7-EBAD9680D0C0}.Debug|x86.Build.0 = Debug|Win32
		{6B135A77-BD4E-4CB7-B2B7-EBAD9680D0C0}.Release|x64.ActiveCfg = Release|x64
		{6B135A77-BD4E-4CB7-B2B7-EBAD9680D0C0}.Release|x64.Build.0 = Release|x64
		{6B135A77-BD4E-4CB7-B2B7-EBAD9680D0C0}.Release|x86.ActiveCfg = Release|Win32
		{6B135A77-BD4E-4CB7-B2B7-EBAD9680D0C0}.Release|x86.Build.0 = Release|Win32
		{476AB02D-7416-435D-8F79-C70016502870}.Debug|x64.ActiveCfg = Debug|x64
		{476AB02D-7416-435D-8F79-C70016502870}.Debug|x64.Build.0 = Debug|x64
		{476AB02D-7416-435D-8F79-C70016502870}.Debug|x86.ActiveCfg = Debug|Win32
		{476AB02D-7416-435D-8F79-C70016502870}.Debug|x86.Build.0 = Debug|Win32
		{476AB02D-7416-435D-8F79-C70016502870}.Release|x64.ActiveCfg = Release|x64
		{476AB02D-7416-435D-8F79-C70016502870}.Release|x64.Build.0 = Release|x64
		{476AB02D-7416-435D-8F79-C70016502870}.Release|x86.ActiveCfg = Release|Win32
		{476AB02D-7416-435D-8F79-C70016502870}.Release|x86.Build.0 = Release|Win32
	EndGlobalSection
	GlobalSection(SolutionProperties) = preSolution
		HideSolutionNode = FALSE
	EndGlobalSection
EndGlobal
